
Microsoft Visual Studio Solution File, Format Version 12.00
Project("{2150E333-8FDC-42A3-9474-1A3956D46DE8}") = "Core", "Core", "{59265B0B-C358-40CD-B4F4-9BC0F54EF016}"
EndProject
Project("{FAE04EC0-301F-11D3-BF4B-00C04F79EFBC}") = "Solution.Domain", "Solution.Domain\Solution.Domain.csproj", "{6CE05755-6684-4FE1-8793-93FDAFC7ED26}"
EndProject
Global
	GlobalSection(SolutionConfigurationPlatforms) = preSolution
		Debug|Any CPU = Debug|Any CPU
		Release|Any CPU = Release|Any CPU
	EndGlobalSection
	GlobalSection(NestedProjects) = preSolution
		{6CE05755-6684-4FE1-8793-93FDAFC7ED26} = {59265B0B-C358-40CD-B4F4-9BC0F54EF016}
	EndGlobalSection
	GlobalSection(ProjectConfigurationPlatforms) = postSolution
		{6CE05755-6684-4FE1-8793-93FDAFC7ED26}.Debug|Any CPU.ActiveCfg = Debug|Any CPU
		{6CE05755-6684-4FE1-8793-93FDAFC7ED26}.Debug|Any CPU.Build.0 = Debug|Any CPU
		{6CE05755-6684-4FE1-8793-93FDAFC7ED26}.Release|Any CPU.ActiveCfg = Release|Any CPU
		{6CE05755-6684-4FE1-8793-93FDAFC7ED26}.Release|Any CPU.Build.0 = Release|Any CPU
	EndGlobalSection
EndGlobal
